// !$*UTF8*$!
{
	archiveVersion = 1;
	classes = {
	};
	objectVersion = 56;
	objects = {

/* Begin PBXBuildFile section */
		CD1336972A652F0800E5EA40 /* TextFieldDemo4.swift in Sources */ = {isa = PBXBuildFile; fileRef = CD1336962A652F0800E5EA40 /* TextFieldDemo4.swift */; };
		CD2A43A32A3B446200430C65 /* SwiftUINavigationView.swift in Sources */ = {isa = PBXBuildFile; fileRef = CD2A43A22A3B446200430C65 /* SwiftUINavigationView.swift */; };
		CD2A43A52A3B483600430C65 /* NavigateBuilder.swift in Sources */ = {isa = PBXBuildFile; fileRef = CD2A43A42A3B483600430C65 /* NavigateBuilder.swift */; };
		CD6186492A4EB40D006E1329 /* SubScriberDemo1.swift in Sources */ = {isa = PBXBuildFile; fileRef = CD6186482A4EB40D006E1329 /* SubScriberDemo1.swift */; };
		CD61864B2A4ED366006E1329 /* SubScriberMainDemo.swift in Sources */ = {isa = PBXBuildFile; fileRef = CD61864A2A4ED366006E1329 /* SubScriberMainDemo.swift */; };
		CD6B348F2A6121300035C575 /* TextFieldMain.swift in Sources */ = {isa = PBXBuildFile; fileRef = CD6B348E2A6121300035C575 /* TextFieldMain.swift */; };
		CD6B34912A6129590035C575 /* TextFieldDemo3.swift in Sources */ = {isa = PBXBuildFile; fileRef = CD6B34902A6129590035C575 /* TextFieldDemo3.swift */; };
		CD6B34942A614E5A0035C575 /* NewContact.swift in Sources */ = {isa = PBXBuildFile; fileRef = CD6B34932A614E5A0035C575 /* NewContact.swift */; };
		CD6B34972A6158970035C575 /* ContactViewModel.swift in Sources */ = {isa = PBXBuildFile; fileRef = CD6B34962A6158970035C575 /* ContactViewModel.swift */; };
		CD6D3BBF2A189B89007589E3 /* KeychainAccess in Frameworks */ = {isa = PBXBuildFile; productRef = CD6D3BBE2A189B89007589E3 /* KeychainAccess */; };
		CD74553D2A5295FD00717361 /* ActorDemo.swift in Sources */ = {isa = PBXBuildFile; fileRef = CD74553C2A5295FD00717361 /* ActorDemo.swift */; };
		CD74553F2A52D5D000717361 /* ActorDemo2.swift in Sources */ = {isa = PBXBuildFile; fileRef = CD74553E2A52D5D000717361 /* ActorDemo2.swift */; };
		CD7455412A52F98F00717361 /* AsyncPublishereDemo.swift in Sources */ = {isa = PBXBuildFile; fileRef = CD7455402A52F98F00717361 /* AsyncPublishereDemo.swift */; };
		CD7C2AD42A5EDB3B004F5950 /* GCDDemo.swift in Sources */ = {isa = PBXBuildFile; fileRef = CD7C2AD32A5EDB3B004F5950 /* GCDDemo.swift */; };
		CD7EEFE72A62681B004915E3 /* ContactsItemDetails.swift in Sources */ = {isa = PBXBuildFile; fileRef = CD7EEFE62A62681B004915E3 /* ContactsItemDetails.swift */; };
		CD7EEFEA2A62757D004915E3 /* ContactsDetailView.swift in Sources */ = {isa = PBXBuildFile; fileRef = CD7EEFE92A62757D004915E3 /* ContactsDetailView.swift */; };
		CD88650D29AA2E2A00BA97DD /* SwiftUIDemoApp.swift in Sources */ = {isa = PBXBuildFile; fileRef = CD88650C29AA2E2A00BA97DD /* SwiftUIDemoApp.swift */; };
		CD88650F29AA2E2A00BA97DD /* ListDemoView.swift in Sources */ = {isa = PBXBuildFile; fileRef = CD88650E29AA2E2A00BA97DD /* ListDemoView.swift */; };
		CD88651129AA2E2B00BA97DD /* Assets.xcassets in Resources */ = {isa = PBXBuildFile; fileRef = CD88651029AA2E2B00BA97DD /* Assets.xcassets */; };
		CD88651429AA2E2B00BA97DD /* Preview Assets.xcassets in Resources */ = {isa = PBXBuildFile; fileRef = CD88651329AA2E2B00BA97DD /* Preview Assets.xcassets */; };
		CD8C8D222A4C41A500BD0964 /* SubscriberDemo.swift in Sources */ = {isa = PBXBuildFile; fileRef = CD8C8D212A4C41A400BD0964 /* SubscriberDemo.swift */; };
		CD917FB52A3835A9007BB770 /* LoaderDemoView.swift in Sources */ = {isa = PBXBuildFile; fileRef = CD917FB42A3835A9007BB770 /* LoaderDemoView.swift */; };
		CD917FB72A3837F9007BB770 /* CustomLoaderView.swift in Sources */ = {isa = PBXBuildFile; fileRef = CD917FB62A3837F9007BB770 /* CustomLoaderView.swift */; };
		CD917FB92A3839B0007BB770 /* CustomDemoView.swift in Sources */ = {isa = PBXBuildFile; fileRef = CD917FB82A3839B0007BB770 /* CustomDemoView.swift */; };
		CD917FBB2A383F16007BB770 /* CircularProgressView.swift in Sources */ = {isa = PBXBuildFile; fileRef = CD917FBA2A383F16007BB770 /* CircularProgressView.swift */; };
		CD917FBD2A383FB5007BB770 /* CircularProgressDemo.swift in Sources */ = {isa = PBXBuildFile; fileRef = CD917FBC2A383FB5007BB770 /* CircularProgressDemo.swift */; };
		CD995C7E2A20D63600E85A91 /* CustomFieldText.swift in Sources */ = {isa = PBXBuildFile; fileRef = CD995C7D2A20D63600E85A91 /* CustomFieldText.swift */; };
		CD995C802A20DCC200E85A91 /* HomeUIView.swift in Sources */ = {isa = PBXBuildFile; fileRef = CD995C7F2A20DCC200E85A91 /* HomeUIView.swift */; };
		CD9CF42E29ADF6690043624D /* stickyHeaderUIView.swift in Sources */ = {isa = PBXBuildFile; fileRef = CD9CF42D29ADF6690043624D /* stickyHeaderUIView.swift */; };
		CD9D047429DFF7BE00AE6AA9 /* FirebaseAnalytics in Frameworks */ = {isa = PBXBuildFile; productRef = CD9D047329DFF7BE00AE6AA9 /* FirebaseAnalytics */; };
		CD9D047629DFF7BE00AE6AA9 /* FirebaseCrashlytics in Frameworks */ = {isa = PBXBuildFile; productRef = CD9D047529DFF7BE00AE6AA9 /* FirebaseCrashlytics */; };
		CD9D047829DFF7BE00AE6AA9 /* FirebaseDynamicLinks in Frameworks */ = {isa = PBXBuildFile; productRef = CD9D047729DFF7BE00AE6AA9 /* FirebaseDynamicLinks */; };
		CD9D047A29DFF7BE00AE6AA9 /* FirebaseFirestore in Frameworks */ = {isa = PBXBuildFile; productRef = CD9D047929DFF7BE00AE6AA9 /* FirebaseFirestore */; };
		CD9D047C29DFF7BE00AE6AA9 /* FirebaseMessaging in Frameworks */ = {isa = PBXBuildFile; productRef = CD9D047B29DFF7BE00AE6AA9 /* FirebaseMessaging */; };
		CD9E45BE29D42CBE004D54D5 /* Constant.swift in Sources */ = {isa = PBXBuildFile; fileRef = CD9E45BD29D42CBE004D54D5 /* Constant.swift */; };
		CD9E45C029D451AD004D54D5 /* NoItemsView.swift in Sources */ = {isa = PBXBuildFile; fileRef = CD9E45BF29D451AD004D54D5 /* NoItemsView.swift */; };
		CD9E45C229D46E83004D54D5 /* LaunchScreen.storyboard in Resources */ = {isa = PBXBuildFile; fileRef = CD9E45C129D46E83004D54D5 /* LaunchScreen.storyboard */; };
		CDAE00722A5FD2E900F760A7 /* FloatingTextField.swift in Sources */ = {isa = PBXBuildFile; fileRef = CDAE00712A5FD2E900F760A7 /* FloatingTextField.swift */; };
		CDAE00742A5FD48300F760A7 /* BorderTextField.swift in Sources */ = {isa = PBXBuildFile; fileRef = CDAE00732A5FD48300F760A7 /* BorderTextField.swift */; };
		CDAE00762A5FD57100F760A7 /* TextFieldDemo2.swift in Sources */ = {isa = PBXBuildFile; fileRef = CDAE00752A5FD57100F760A7 /* TextFieldDemo2.swift */; };
		CDAE00782A60027D00F760A7 /* CustomTextViewModifier.swift in Sources */ = {isa = PBXBuildFile; fileRef = CDAE00772A60027D00F760A7 /* CustomTextViewModifier.swift */; };
		CDC9920C29DAC3A40061AB6C /* StickyHeaderView.swift in Sources */ = {isa = PBXBuildFile; fileRef = CDC9920B29DAC3A40061AB6C /* StickyHeaderView.swift */; };
		CDC9920E29DACAD50061AB6C /* Tab.swift in Sources */ = {isa = PBXBuildFile; fileRef = CDC9920D29DACAD50061AB6C /* Tab.swift */; };
		CDC9921029DAF0B50061AB6C /* StickyMainViewModel.swift in Sources */ = {isa = PBXBuildFile; fileRef = CDC9920F29DAF0B50061AB6C /* StickyMainViewModel.swift */; };
		CDCE885829D2EFE900B87BF9 /* ListView.swift in Sources */ = {isa = PBXBuildFile; fileRef = CDCE885729D2EFE900B87BF9 /* ListView.swift */; };
		CDCE885A29D2F4B600B87BF9 /* ListRowView.swift in Sources */ = {isa = PBXBuildFile; fileRef = CDCE885929D2F4B600B87BF9 /* ListRowView.swift */; };
		CDCE885C29D2FDF400B87BF9 /* AddView.swift in Sources */ = {isa = PBXBuildFile; fileRef = CDCE885B29D2FDF400B87BF9 /* AddView.swift */; };
		CDCE886029D3111900B87BF9 /* ItemModel.swift in Sources */ = {isa = PBXBuildFile; fileRef = CDCE885F29D3111900B87BF9 /* ItemModel.swift */; };
		CDCE886329D3250500B87BF9 /* ListViewModel.swift in Sources */ = {isa = PBXBuildFile; fileRef = CDCE886229D3250500B87BF9 /* ListViewModel.swift */; };
		CDCED16A2A39917400A9EB76 /* CircularText.swift in Sources */ = {isa = PBXBuildFile; fileRef = CDCED1692A39917400A9EB76 /* CircularText.swift */; };
		CDCED16D2A3991C800A9EB76 /* View+Extension.swift in Sources */ = {isa = PBXBuildFile; fileRef = CDCED16C2A3991C800A9EB76 /* View+Extension.swift */; };
		CDCED1702A39C94500A9EB76 /* ViewBulder.swift in Sources */ = {isa = PBXBuildFile; fileRef = CDCED16F2A39C94500A9EB76 /* ViewBulder.swift */; };
		CDCED1732A39C9BC00A9EB76 /* ViewBuilderDemo.swift in Sources */ = {isa = PBXBuildFile; fileRef = CDCED1722A39C9BC00A9EB76 /* ViewBuilderDemo.swift */; };
		CDE8491429D84F8F0087381A /* StickyMainView.swift in Sources */ = {isa = PBXBuildFile; fileRef = CDE8491329D84F8F0087381A /* StickyMainView.swift */; };
		CDE8491629D857670087381A /* Food.swift in Sources */ = {isa = PBXBuildFile; fileRef = CDE8491529D857670087381A /* Food.swift */; };
		CDE8491A29D85B1A0087381A /* StickyCardView.swift in Sources */ = {isa = PBXBuildFile; fileRef = CDE8491929D85B1A0087381A /* StickyCardView.swift */; };
		CDF5028E2A502FA300D64A24 /* SubscriberDemo2.swift in Sources */ = {isa = PBXBuildFile; fileRef = CDF5028D2A502FA300D64A24 /* SubscriberDemo2.swift */; };
		CDFEBB4C29D1BACB00A92BF5 /* CustomTextFieldView.swift in Sources */ = {isa = PBXBuildFile; fileRef = CDFEBB4B29D1BACB00A92BF5 /* CustomTextFieldView.swift */; };
		CDFEBB4F29D1BF6D00A92BF5 /* TextFieldDemo.swift in Sources */ = {isa = PBXBuildFile; fileRef = CDFEBB4E29D1BF6D00A92BF5 /* TextFieldDemo.swift */; };
		CDFEBB5129D1D06D00A92BF5 /* Color.swift in Sources */ = {isa = PBXBuildFile; fileRef = CDFEBB5029D1D06D00A92BF5 /* Color.swift */; };
/* End PBXBuildFile section */

/* Begin PBXFileReference section */
		CD1336962A652F0800E5EA40 /* TextFieldDemo4.swift */ = {isa = PBXFileReference; lastKnownFileType = sourcecode.swift; path = TextFieldDemo4.swift; sourceTree = "<group>"; };
		CD2A43A22A3B446200430C65 /* SwiftUINavigationView.swift */ = {isa = PBXFileReference; lastKnownFileType = sourcecode.swift; path = SwiftUINavigationView.swift; sourceTree = "<group>"; };
		CD2A43A42A3B483600430C65 /* NavigateBuilder.swift */ = {isa = PBXFileReference; lastKnownFileType = sourcecode.swift; path = NavigateBuilder.swift; sourceTree = "<group>"; };
		CD6186482A4EB40D006E1329 /* SubScriberDemo1.swift */ = {isa = PBXFileReference; lastKnownFileType = sourcecode.swift; path = SubScriberDemo1.swift; sourceTree = "<group>"; };
		CD61864A2A4ED366006E1329 /* SubScriberMainDemo.swift */ = {isa = PBXFileReference; lastKnownFileType = sourcecode.swift; path = SubScriberMainDemo.swift; sourceTree = "<group>"; };
		CD6B348E2A6121300035C575 /* TextFieldMain.swift */ = {isa = PBXFileReference; lastKnownFileType = sourcecode.swift; path = TextFieldMain.swift; sourceTree = "<group>"; };
		CD6B34902A6129590035C575 /* TextFieldDemo3.swift */ = {isa = PBXFileReference; lastKnownFileType = sourcecode.swift; path = TextFieldDemo3.swift; sourceTree = "<group>"; };
		CD6B34932A614E5A0035C575 /* NewContact.swift */ = {isa = PBXFileReference; lastKnownFileType = sourcecode.swift; path = NewContact.swift; sourceTree = "<group>"; };
		CD6B34962A6158970035C575 /* ContactViewModel.swift */ = {isa = PBXFileReference; lastKnownFileType = sourcecode.swift; path = ContactViewModel.swift; sourceTree = "<group>"; };
		CD74553C2A5295FD00717361 /* ActorDemo.swift */ = {isa = PBXFileReference; lastKnownFileType = sourcecode.swift; path = ActorDemo.swift; sourceTree = "<group>"; };
		CD74553E2A52D5D000717361 /* ActorDemo2.swift */ = {isa = PBXFileReference; lastKnownFileType = sourcecode.swift; path = ActorDemo2.swift; sourceTree = "<group>"; };
		CD7455402A52F98F00717361 /* AsyncPublishereDemo.swift */ = {isa = PBXFileReference; lastKnownFileType = sourcecode.swift; path = AsyncPublishereDemo.swift; sourceTree = "<group>"; };
		CD7C2AD32A5EDB3B004F5950 /* GCDDemo.swift */ = {isa = PBXFileReference; lastKnownFileType = sourcecode.swift; path = GCDDemo.swift; sourceTree = "<group>"; };
		CD7EEFE62A62681B004915E3 /* ContactsItemDetails.swift */ = {isa = PBXFileReference; lastKnownFileType = sourcecode.swift; path = ContactsItemDetails.swift; sourceTree = "<group>"; };
		CD7EEFE92A62757D004915E3 /* ContactsDetailView.swift */ = {isa = PBXFileReference; lastKnownFileType = sourcecode.swift; path = ContactsDetailView.swift; sourceTree = "<group>"; };
		CD88650929AA2E2A00BA97DD /* SwiftUIDemo.app */ = {isa = PBXFileReference; explicitFileType = wrapper.application; includeInIndex = 0; path = SwiftUIDemo.app; sourceTree = BUILT_PRODUCTS_DIR; };
		CD88650C29AA2E2A00BA97DD /* SwiftUIDemoApp.swift */ = {isa = PBXFileReference; lastKnownFileType = sourcecode.swift; path = SwiftUIDemoApp.swift; sourceTree = "<group>"; };
		CD88650E29AA2E2A00BA97DD /* ListDemoView.swift */ = {isa = PBXFileReference; lastKnownFileType = sourcecode.swift; path = ListDemoView.swift; sourceTree = "<group>"; };
		CD88651029AA2E2B00BA97DD /* Assets.xcassets */ = {isa = PBXFileReference; lastKnownFileType = folder.assetcatalog; path = Assets.xcassets; sourceTree = "<group>"; };
		CD88651329AA2E2B00BA97DD /* Preview Assets.xcassets */ = {isa = PBXFileReference; lastKnownFileType = folder.assetcatalog; path = "Preview Assets.xcassets"; sourceTree = "<group>"; };
		CD8C8D212A4C41A400BD0964 /* SubscriberDemo.swift */ = {isa = PBXFileReference; lastKnownFileType = sourcecode.swift; path = SubscriberDemo.swift; sourceTree = "<group>"; };
		CD917FB42A3835A9007BB770 /* LoaderDemoView.swift */ = {isa = PBXFileReference; lastKnownFileType = sourcecode.swift; path = LoaderDemoView.swift; sourceTree = "<group>"; };
		CD917FB62A3837F9007BB770 /* CustomLoaderView.swift */ = {isa = PBXFileReference; lastKnownFileType = sourcecode.swift; path = CustomLoaderView.swift; sourceTree = "<group>"; };
		CD917FB82A3839B0007BB770 /* CustomDemoView.swift */ = {isa = PBXFileReference; lastKnownFileType = sourcecode.swift; path = CustomDemoView.swift; sourceTree = "<group>"; };
		CD917FBA2A383F16007BB770 /* CircularProgressView.swift */ = {isa = PBXFileReference; lastKnownFileType = sourcecode.swift; path = CircularProgressView.swift; sourceTree = "<group>"; };
		CD917FBC2A383FB5007BB770 /* CircularProgressDemo.swift */ = {isa = PBXFileReference; lastKnownFileType = sourcecode.swift; path = CircularProgressDemo.swift; sourceTree = "<group>"; };
		CD995C7D2A20D63600E85A91 /* CustomFieldText.swift */ = {isa = PBXFileReference; lastKnownFileType = sourcecode.swift; path = CustomFieldText.swift; sourceTree = "<group>"; };
		CD995C7F2A20DCC200E85A91 /* HomeUIView.swift */ = {isa = PBXFileReference; lastKnownFileType = sourcecode.swift; path = HomeUIView.swift; sourceTree = "<group>"; };
		CD9CF42D29ADF6690043624D /* stickyHeaderUIView.swift */ = {isa = PBXFileReference; lastKnownFileType = sourcecode.swift; path = stickyHeaderUIView.swift; sourceTree = "<group>"; };
		CD9E45BD29D42CBE004D54D5 /* Constant.swift */ = {isa = PBXFileReference; lastKnownFileType = sourcecode.swift; path = Constant.swift; sourceTree = "<group>"; };
		CD9E45BF29D451AD004D54D5 /* NoItemsView.swift */ = {isa = PBXFileReference; lastKnownFileType = sourcecode.swift; path = NoItemsView.swift; sourceTree = "<group>"; };
		CD9E45C129D46E83004D54D5 /* LaunchScreen.storyboard */ = {isa = PBXFileReference; lastKnownFileType = file.storyboard; path = LaunchScreen.storyboard; sourceTree = "<group>"; };
		CDAE00712A5FD2E900F760A7 /* FloatingTextField.swift */ = {isa = PBXFileReference; lastKnownFileType = sourcecode.swift; path = FloatingTextField.swift; sourceTree = "<group>"; };
		CDAE00732A5FD48300F760A7 /* BorderTextField.swift */ = {isa = PBXFileReference; lastKnownFileType = sourcecode.swift; path = BorderTextField.swift; sourceTree = "<group>"; };
		CDAE00752A5FD57100F760A7 /* TextFieldDemo2.swift */ = {isa = PBXFileReference; lastKnownFileType = sourcecode.swift; path = TextFieldDemo2.swift; sourceTree = "<group>"; };
		CDAE00772A60027D00F760A7 /* CustomTextViewModifier.swift */ = {isa = PBXFileReference; lastKnownFileType = sourcecode.swift; path = CustomTextViewModifier.swift; sourceTree = "<group>"; };
		CDC9920B29DAC3A40061AB6C /* StickyHeaderView.swift */ = {isa = PBXFileReference; lastKnownFileType = sourcecode.swift; path = StickyHeaderView.swift; sourceTree = "<group>"; };
		CDC9920D29DACAD50061AB6C /* Tab.swift */ = {isa = PBXFileReference; lastKnownFileType = sourcecode.swift; path = Tab.swift; sourceTree = "<group>"; };
		CDC9920F29DAF0B50061AB6C /* StickyMainViewModel.swift */ = {isa = PBXFileReference; lastKnownFileType = sourcecode.swift; path = StickyMainViewModel.swift; sourceTree = "<group>"; };
		CDCE885729D2EFE900B87BF9 /* ListView.swift */ = {isa = PBXFileReference; lastKnownFileType = sourcecode.swift; path = ListView.swift; sourceTree = "<group>"; };
		CDCE885929D2F4B600B87BF9 /* ListRowView.swift */ = {isa = PBXFileReference; lastKnownFileType = sourcecode.swift; path = ListRowView.swift; sourceTree = "<group>"; };
		CDCE885B29D2FDF400B87BF9 /* AddView.swift */ = {isa = PBXFileReference; lastKnownFileType = sourcecode.swift; path = AddView.swift; sourceTree = "<group>"; };
		CDCE885F29D3111900B87BF9 /* ItemModel.swift */ = {isa = PBXFileReference; lastKnownFileType = sourcecode.swift; path = ItemModel.swift; sourceTree = "<group>"; };
		CDCE886229D3250500B87BF9 /* ListViewModel.swift */ = {isa = PBXFileReference; lastKnownFileType = sourcecode.swift; path = ListViewModel.swift; sourceTree = "<group>"; };
		CDCED1692A39917400A9EB76 /* CircularText.swift */ = {isa = PBXFileReference; lastKnownFileType = sourcecode.swift; path = CircularText.swift; sourceTree = "<group>"; };
		CDCED16C2A3991C800A9EB76 /* View+Extension.swift */ = {isa = PBXFileReference; lastKnownFileType = sourcecode.swift; path = "View+Extension.swift"; sourceTree = "<group>"; };
		CDCED16F2A39C94500A9EB76 /* ViewBulder.swift */ = {isa = PBXFileReference; lastKnownFileType = sourcecode.swift; path = ViewBulder.swift; sourceTree = "<group>"; };
		CDCED1722A39C9BC00A9EB76 /* ViewBuilderDemo.swift */ = {isa = PBXFileReference; lastKnownFileType = sourcecode.swift; path = ViewBuilderDemo.swift; sourceTree = "<group>"; };
		CDE8491329D84F8F0087381A /* StickyMainView.swift */ = {isa = PBXFileReference; lastKnownFileType = sourcecode.swift; path = StickyMainView.swift; sourceTree = "<group>"; };
		CDE8491529D857670087381A /* Food.swift */ = {isa = PBXFileReference; lastKnownFileType = sourcecode.swift; path = Food.swift; sourceTree = "<group>"; };
		CDE8491929D85B1A0087381A /* StickyCardView.swift */ = {isa = PBXFileReference; lastKnownFileType = sourcecode.swift; path = StickyCardView.swift; sourceTree = "<group>"; };
		CDF5028D2A502FA300D64A24 /* SubscriberDemo2.swift */ = {isa = PBXFileReference; lastKnownFileType = sourcecode.swift; path = SubscriberDemo2.swift; sourceTree = "<group>"; };
		CDFEBB4B29D1BACB00A92BF5 /* CustomTextFieldView.swift */ = {isa = PBXFileReference; lastKnownFileType = sourcecode.swift; path = CustomTextFieldView.swift; sourceTree = "<group>"; };
		CDFEBB4E29D1BF6D00A92BF5 /* TextFieldDemo.swift */ = {isa = PBXFileReference; lastKnownFileType = sourcecode.swift; path = TextFieldDemo.swift; sourceTree = "<group>"; };
		CDFEBB5029D1D06D00A92BF5 /* Color.swift */ = {isa = PBXFileReference; lastKnownFileType = sourcecode.swift; path = Color.swift; sourceTree = "<group>"; };
/* End PBXFileReference section */

/* Begin PBXFrameworksBuildPhase section */
		CD88650629AA2E2A00BA97DD /* Frameworks */ = {
			isa = PBXFrameworksBuildPhase;
			buildActionMask = 2147483647;
			files = (
				CD9D047429DFF7BE00AE6AA9 /* FirebaseAnalytics in Frameworks */,
				CD9D047A29DFF7BE00AE6AA9 /* FirebaseFirestore in Frameworks */,
				CD6D3BBF2A189B89007589E3 /* KeychainAccess in Frameworks */,
				CD9D047C29DFF7BE00AE6AA9 /* FirebaseMessaging in Frameworks */,
				CD9D047629DFF7BE00AE6AA9 /* FirebaseCrashlytics in Frameworks */,
				CD9D047829DFF7BE00AE6AA9 /* FirebaseDynamicLinks in Frameworks */,
			);
			runOnlyForDeploymentPostprocessing = 0;
		};
/* End PBXFrameworksBuildPhase section */

/* Begin PBXGroup section */
		CD6B34922A614E460035C575 /* model */ = {
			isa = PBXGroup;
			children = (
				CD6B34932A614E5A0035C575 /* NewContact.swift */,
			);
			path = model;
			sourceTree = "<group>";
		};
		CD6B34952A6158790035C575 /* viewModel */ = {
			isa = PBXGroup;
			children = (
				CD6B34962A6158970035C575 /* ContactViewModel.swift */,
			);
			path = viewModel;
			sourceTree = "<group>";
		};
		CD74553B2A5295D600717361 /* ActorDemo */ = {
			isa = PBXGroup;
			children = (
				CD74553C2A5295FD00717361 /* ActorDemo.swift */,
				CD74553E2A52D5D000717361 /* ActorDemo2.swift */,
			);
			path = ActorDemo;
			sourceTree = "<group>";
		};
		CD7C2AD02A5EDAF3004F5950 /* GCDDemo */ = {
			isa = PBXGroup;
			children = (
				CD7C2AD32A5EDB3B004F5950 /* GCDDemo.swift */,
			);
			path = GCDDemo;
			sourceTree = "<group>";
		};
		CD7EEFE82A6272AC004915E3 /* Contact */ = {
			isa = PBXGroup;
			children = (
				CD7EEFE92A62757D004915E3 /* ContactsDetailView.swift */,
				CD7EEFE62A62681B004915E3 /* ContactsItemDetails.swift */,
			);
			path = Contact;
			sourceTree = "<group>";
		};
		CD88650029AA2E2A00BA97DD = {
			isa = PBXGroup;
			children = (
				CD88650B29AA2E2A00BA97DD /* SwiftUIDemo */,
				CD88650A29AA2E2A00BA97DD /* Products */,
			);
			sourceTree = "<group>";
		};
		CD88650A29AA2E2A00BA97DD /* Products */ = {
			isa = PBXGroup;
			children = (
				CD88650929AA2E2A00BA97DD /* SwiftUIDemo.app */,
			);
			name = Products;
			sourceTree = "<group>";
		};
		CD88650B29AA2E2A00BA97DD /* SwiftUIDemo */ = {
			isa = PBXGroup;
			children = (
				CD7C2AD02A5EDAF3004F5950 /* GCDDemo */,
				CD74553B2A5295D600717361 /* ActorDemo */,
				CD8C8D202A4C418200BD0964 /* SubscriberDemo */,
				CDCED16B2A39919100A9EB76 /* Extension */,
				CDCED16E2A39C91200A9EB76 /* ViewBuilder */,
				CDCED1682A39915E00A9EB76 /* ViewModifier */,
				CD917FB32A383592007BB770 /* LoaderDemo */,
				CD995C812A20DE1800E85A91 /* launchScreen */,
				CDE8490F29D846F60087381A /* SrickyHeaderDemo */,
				CDCE885D29D310EE00B87BF9 /* MVVMDemo */,
				CDFEBB4D29D1BF4300A92BF5 /* DemoUI */,
				CDFEBB4A29D1BAA800A92BF5 /* utility */,
				CD9CF42C29ADF6490043624D /* Basic */,
				CD88650C29AA2E2A00BA97DD /* SwiftUIDemoApp.swift */,
				CD995C7F2A20DCC200E85A91 /* HomeUIView.swift */,
				CD88651029AA2E2B00BA97DD /* Assets.xcassets */,
				CD88651229AA2E2B00BA97DD /* Preview Content */,
			);
			path = SwiftUIDemo;
			sourceTree = "<group>";
		};
		CD88651229AA2E2B00BA97DD /* Preview Content */ = {
			isa = PBXGroup;
			children = (
				CD88651329AA2E2B00BA97DD /* Preview Assets.xcassets */,
			);
			path = "Preview Content";
			sourceTree = "<group>";
		};
		CD8C8D202A4C418200BD0964 /* SubscriberDemo */ = {
			isa = PBXGroup;
			children = (
				CD8C8D212A4C41A400BD0964 /* SubscriberDemo.swift */,
				CD6186482A4EB40D006E1329 /* SubScriberDemo1.swift */,
				CD61864A2A4ED366006E1329 /* SubScriberMainDemo.swift */,
				CDF5028D2A502FA300D64A24 /* SubscriberDemo2.swift */,
				CD7455402A52F98F00717361 /* AsyncPublishereDemo.swift */,
			);
			path = SubscriberDemo;
			sourceTree = "<group>";
		};
		CD917FB32A383592007BB770 /* LoaderDemo */ = {
			isa = PBXGroup;
			children = (
				CD917FB42A3835A9007BB770 /* LoaderDemoView.swift */,
				CD917FB62A3837F9007BB770 /* CustomLoaderView.swift */,
				CD917FB82A3839B0007BB770 /* CustomDemoView.swift */,
				CD917FBA2A383F16007BB770 /* CircularProgressView.swift */,
				CD917FBC2A383FB5007BB770 /* CircularProgressDemo.swift */,
			);
			path = LoaderDemo;
			sourceTree = "<group>";
		};
		CD995C812A20DE1800E85A91 /* launchScreen */ = {
			isa = PBXGroup;
			children = (
				CD9E45C129D46E83004D54D5 /* LaunchScreen.storyboard */,
			);
			path = launchScreen;
			sourceTree = "<group>";
		};
		CD9CF42C29ADF6490043624D /* Basic */ = {
			isa = PBXGroup;
			children = (
				CD88650E29AA2E2A00BA97DD /* ListDemoView.swift */,
				CD9CF42D29ADF6690043624D /* stickyHeaderUIView.swift */,
			);
			path = Basic;
			sourceTree = "<group>";
		};
		CDCE885629D2EFC500B87BF9 /* View */ = {
			isa = PBXGroup;
			children = (
				CDCE885729D2EFE900B87BF9 /* ListView.swift */,
				CDCE885929D2F4B600B87BF9 /* ListRowView.swift */,
				CDCE885B29D2FDF400B87BF9 /* AddView.swift */,
				CD9E45BF29D451AD004D54D5 /* NoItemsView.swift */,
			);
			path = View;
			sourceTree = "<group>";
		};
		CDCE885D29D310EE00B87BF9 /* MVVMDemo */ = {
			isa = PBXGroup;
			children = (
				CDCE886129D324BB00B87BF9 /* ViewNodel */,
				CDCE885E29D3110100B87BF9 /* Model */,
				CDCE885629D2EFC500B87BF9 /* View */,
			);
			path = MVVMDemo;
			sourceTree = "<group>";
		};
		CDCE885E29D3110100B87BF9 /* Model */ = {
			isa = PBXGroup;
			children = (
				CDCE885F29D3111900B87BF9 /* ItemModel.swift */,
			);
			path = Model;
			sourceTree = "<group>";
		};
		CDCE886129D324BB00B87BF9 /* ViewNodel */ = {
			isa = PBXGroup;
			children = (
				CDCE886229D3250500B87BF9 /* ListViewModel.swift */,
			);
			path = ViewNodel;
			sourceTree = "<group>";
		};
		CDCED1682A39915E00A9EB76 /* ViewModifier */ = {
			isa = PBXGroup;
			children = (
				CDCED1692A39917400A9EB76 /* CircularText.swift */,
				CDAE00772A60027D00F760A7 /* CustomTextViewModifier.swift */,
			);
			path = ViewModifier;
			sourceTree = "<group>";
		};
		CDCED16B2A39919100A9EB76 /* Extension */ = {
			isa = PBXGroup;
			children = (
				CDCED16C2A3991C800A9EB76 /* View+Extension.swift */,
			);
			path = Extension;
			sourceTree = "<group>";
		};
		CDCED16E2A39C91200A9EB76 /* ViewBuilder */ = {
			isa = PBXGroup;
			children = (
				CDCED1712A39C98100A9EB76 /* ViewBuilderDemo */,
				CDCED16F2A39C94500A9EB76 /* ViewBulder.swift */,
				CD2A43A42A3B483600430C65 /* NavigateBuilder.swift */,
			);
			path = ViewBuilder;
			sourceTree = "<group>";
		};
		CDCED1712A39C98100A9EB76 /* ViewBuilderDemo */ = {
			isa = PBXGroup;
			children = (
				CD2A43A22A3B446200430C65 /* SwiftUINavigationView.swift */,
				CDCED1722A39C9BC00A9EB76 /* ViewBuilderDemo.swift */,
			);
			path = ViewBuilderDemo;
			sourceTree = "<group>";
		};
		CDE8490F29D846F60087381A /* SrickyHeaderDemo */ = {
			isa = PBXGroup;
			children = (
				CDE8491229D847240087381A /* View */,
				CDE8491129D8471C0087381A /* Model */,
				CDE8491029D847100087381A /* ViewModel */,
			);
			path = SrickyHeaderDemo;
			sourceTree = "<group>";
		};
		CDE8491029D847100087381A /* ViewModel */ = {
			isa = PBXGroup;
			children = (
				CDC9920F29DAF0B50061AB6C /* StickyMainViewModel.swift */,
			);
			path = ViewModel;
			sourceTree = "<group>";
		};
		CDE8491129D8471C0087381A /* Model */ = {
			isa = PBXGroup;
			children = (
				CDE8491529D857670087381A /* Food.swift */,
				CDC9920D29DACAD50061AB6C /* Tab.swift */,
			);
			path = Model;
			sourceTree = "<group>";
		};
		CDE8491229D847240087381A /* View */ = {
			isa = PBXGroup;
			children = (
				CDE8491329D84F8F0087381A /* StickyMainView.swift */,
				CDE8491929D85B1A0087381A /* StickyCardView.swift */,
				CDC9920B29DAC3A40061AB6C /* StickyHeaderView.swift */,
			);
			path = View;
			sourceTree = "<group>";
		};
		CDFEBB4A29D1BAA800A92BF5 /* utility */ = {
			isa = PBXGroup;
			children = (
				CDFEBB4B29D1BACB00A92BF5 /* CustomTextFieldView.swift */,
				CDFEBB5029D1D06D00A92BF5 /* Color.swift */,
				CD9E45BD29D42CBE004D54D5 /* Constant.swift */,
				CD995C7D2A20D63600E85A91 /* CustomFieldText.swift */,
				CDAE00712A5FD2E900F760A7 /* FloatingTextField.swift */,
				CDAE00732A5FD48300F760A7 /* BorderTextField.swift */,
			);
			path = utility;
			sourceTree = "<group>";
		};
		CDFEBB4D29D1BF4300A92BF5 /* DemoUI */ = {
			isa = PBXGroup;
			children = (
				CD7EEFE82A6272AC004915E3 /* Contact */,
				CD6B34952A6158790035C575 /* viewModel */,
				CD6B34922A614E460035C575 /* model */,
				CDFEBB4E29D1BF6D00A92BF5 /* TextFieldDemo.swift */,
				CDAE00752A5FD57100F760A7 /* TextFieldDemo2.swift */,
				CD6B348E2A6121300035C575 /* TextFieldMain.swift */,
				CD6B34902A6129590035C575 /* TextFieldDemo3.swift */,
				CD1336962A652F0800E5EA40 /* TextFieldDemo4.swift */,
			);
			path = DemoUI;
			sourceTree = "<group>";
		};
/* End PBXGroup section */

/* Begin PBXNativeTarget section */
		CD88650829AA2E2A00BA97DD /* SwiftUIDemo */ = {
			isa = PBXNativeTarget;
			buildConfigurationList = CD88651729AA2E2B00BA97DD /* Build configuration list for PBXNativeTarget "SwiftUIDemo" */;
			buildPhases = (
				CD88650529AA2E2A00BA97DD /* Sources */,
				CD88650629AA2E2A00BA97DD /* Frameworks */,
				CD88650729AA2E2A00BA97DD /* Resources */,
			);
			buildRules = (
			);
			dependencies = (
			);
			name = SwiftUIDemo;
			packageProductDependencies = (
				CD9D047329DFF7BE00AE6AA9 /* FirebaseAnalytics */,
				CD9D047529DFF7BE00AE6AA9 /* FirebaseCrashlytics */,
				CD9D047729DFF7BE00AE6AA9 /* FirebaseDynamicLinks */,
				CD9D047929DFF7BE00AE6AA9 /* FirebaseFirestore */,
				CD9D047B29DFF7BE00AE6AA9 /* FirebaseMessaging */,
				CD6D3BBE2A189B89007589E3 /* KeychainAccess */,
			);
			productName = SwiftUIDemo;
			productReference = CD88650929AA2E2A00BA97DD /* SwiftUIDemo.app */;
			productType = "com.apple.product-type.application";
		};
/* End PBXNativeTarget section */

/* Begin PBXProject section */
		CD88650129AA2E2A00BA97DD /* Project object */ = {
			isa = PBXProject;
			attributes = {
				BuildIndependentTargetsInParallel = 1;
				LastSwiftUpdateCheck = 1410;
				LastUpgradeCheck = 1410;
				TargetAttributes = {
					CD88650829AA2E2A00BA97DD = {
						CreatedOnToolsVersion = 14.1;
					};
				};
			};
			buildConfigurationList = CD88650429AA2E2A00BA97DD /* Build configuration list for PBXProject "SwiftUIDemo" */;
			compatibilityVersion = "Xcode 14.0";
			developmentRegion = en;
			hasScannedForEncodings = 0;
			knownRegions = (
				en,
				Base,
			);
			mainGroup = CD88650029AA2E2A00BA97DD;
			packageReferences = (
				CD9D047229DFF7BD00AE6AA9 /* XCRemoteSwiftPackageReference "firebase-ios-sdk" */,
				CD6D3BBD2A189B88007589E3 /* XCRemoteSwiftPackageReference "KeychainAccess" */,
			);
			productRefGroup = CD88650A29AA2E2A00BA97DD /* Products */;
			projectDirPath = "";
			projectRoot = "";
			targets = (
				CD88650829AA2E2A00BA97DD /* SwiftUIDemo */,
			);
		};
/* End PBXProject section */

/* Begin PBXResourcesBuildPhase section */
		CD88650729AA2E2A00BA97DD /* Resources */ = {
			isa = PBXResourcesBuildPhase;
			buildActionMask = 2147483647;
			files = (
				CD9E45C229D46E83004D54D5 /* LaunchScreen.storyboard in Resources */,
				CD88651429AA2E2B00BA97DD /* Preview Assets.xcassets in Resources */,
				CD88651129AA2E2B00BA97DD /* Assets.xcassets in Resources */,
			);
			runOnlyForDeploymentPostprocessing = 0;
		};
/* End PBXResourcesBuildPhase section */

/* Begin PBXSourcesBuildPhase section */
		CD88650529AA2E2A00BA97DD /* Sources */ = {
			isa = PBXSourcesBuildPhase;
			buildActionMask = 2147483647;
			files = (
				CDE8491429D84F8F0087381A /* StickyMainView.swift in Sources */,
				CDCE886029D3111900B87BF9 /* ItemModel.swift in Sources */,
				CD6B348F2A6121300035C575 /* TextFieldMain.swift in Sources */,
				CD61864B2A4ED366006E1329 /* SubScriberMainDemo.swift in Sources */,
				CD7C2AD42A5EDB3B004F5950 /* GCDDemo.swift in Sources */,
				CDF5028E2A502FA300D64A24 /* SubscriberDemo2.swift in Sources */,
				CD995C802A20DCC200E85A91 /* HomeUIView.swift in Sources */,
				CD74553F2A52D5D000717361 /* ActorDemo2.swift in Sources */,
				CD6B34912A6129590035C575 /* TextFieldDemo3.swift in Sources */,
				CD7EEFE72A62681B004915E3 /* ContactsItemDetails.swift in Sources */,
				CDE8491629D857670087381A /* Food.swift in Sources */,
				CDFEBB4F29D1BF6D00A92BF5 /* TextFieldDemo.swift in Sources */,
				CD9CF42E29ADF6690043624D /* stickyHeaderUIView.swift in Sources */,
				CD2A43A52A3B483600430C65 /* NavigateBuilder.swift in Sources */,
				CDCE885C29D2FDF400B87BF9 /* AddView.swift in Sources */,
				CD917FB72A3837F9007BB770 /* CustomLoaderView.swift in Sources */,
				CD88650F29AA2E2A00BA97DD /* ListDemoView.swift in Sources */,
				CDCED16A2A39917400A9EB76 /* CircularText.swift in Sources */,
				CDCE885A29D2F4B600B87BF9 /* ListRowView.swift in Sources */,
				CD2A43A32A3B446200430C65 /* SwiftUINavigationView.swift in Sources */,
				CD1336972A652F0800E5EA40 /* TextFieldDemo4.swift in Sources */,
				CDAE00782A60027D00F760A7 /* CustomTextViewModifier.swift in Sources */,
				CD917FB92A3839B0007BB770 /* CustomDemoView.swift in Sources */,
				CD995C7E2A20D63600E85A91 /* CustomFieldText.swift in Sources */,
				CD917FB52A3835A9007BB770 /* LoaderDemoView.swift in Sources */,
				CDC9920C29DAC3A40061AB6C /* StickyHeaderView.swift in Sources */,
				CD6B34942A614E5A0035C575 /* NewContact.swift in Sources */,
				CD6B34972A6158970035C575 /* ContactViewModel.swift in Sources */,
				CD74553D2A5295FD00717361 /* ActorDemo.swift in Sources */,
				CDCED1732A39C9BC00A9EB76 /* ViewBuilderDemo.swift in Sources */,
				CDAE00742A5FD48300F760A7 /* BorderTextField.swift in Sources */,
				CDCED1702A39C94500A9EB76 /* ViewBulder.swift in Sources */,
				CDCE885829D2EFE900B87BF9 /* ListView.swift in Sources */,
				CD7455412A52F98F00717361 /* AsyncPublishereDemo.swift in Sources */,
				CDC9921029DAF0B50061AB6C /* StickyMainViewModel.swift in Sources */,
				CD88650D29AA2E2A00BA97DD /* SwiftUIDemoApp.swift in Sources */,
				CDAE00762A5FD57100F760A7 /* TextFieldDemo2.swift in Sources */,
				CDFEBB4C29D1BACB00A92BF5 /* CustomTextFieldView.swift in Sources */,
				CDE8491A29D85B1A0087381A /* StickyCardView.swift in Sources */,
				CD9E45C029D451AD004D54D5 /* NoItemsView.swift in Sources */,
				CDFEBB5129D1D06D00A92BF5 /* Color.swift in Sources */,
				CDC9920E29DACAD50061AB6C /* Tab.swift in Sources */,
				CDCE886329D3250500B87BF9 /* ListViewModel.swift in Sources */,
				CDAE00722A5FD2E900F760A7 /* FloatingTextField.swift in Sources */,
				CD917FBB2A383F16007BB770 /* CircularProgressView.swift in Sources */,
				CD917FBD2A383FB5007BB770 /* CircularProgressDemo.swift in Sources */,
				CD6186492A4EB40D006E1329 /* SubScriberDemo1.swift in Sources */,
				CD7EEFEA2A62757D004915E3 /* ContactsDetailView.swift in Sources */,
				CDCED16D2A3991C800A9EB76 /* View+Extension.swift in Sources */,
				CD9E45BE29D42CBE004D54D5 /* Constant.swift in Sources */,
				CD8C8D222A4C41A500BD0964 /* SubscriberDemo.swift in Sources */,
			);
			runOnlyForDeploymentPostprocessing = 0;
		};
/* End PBXSourcesBuildPhase section */

/* Begin XCBuildConfiguration section */
		CD88651529AA2E2B00BA97DD /* Debug */ = {
			isa = XCBuildConfiguration;
			buildSettings = {
				ALWAYS_SEARCH_USER_PATHS = NO;
				CLANG_ANALYZER_NONNULL = YES;
				CLANG_ANALYZER_NUMBER_OBJECT_CONVERSION = YES_AGGRESSIVE;
				CLANG_CXX_LANGUAGE_STANDARD = "gnu++20";
				CLANG_ENABLE_MODULES = YES;
				CLANG_ENABLE_OBJC_ARC = YES;
				CLANG_ENABLE_OBJC_WEAK = YES;
				CLANG_WARN_BLOCK_CAPTURE_AUTORELEASING = YES;
				CLANG_WARN_BOOL_CONVERSION = YES;
				CLANG_WARN_COMMA = YES;
				CLANG_WARN_CONSTANT_CONVERSION = YES;
				CLANG_WARN_DEPRECATED_OBJC_IMPLEMENTATIONS = YES;
				CLANG_WARN_DIRECT_OBJC_ISA_USAGE = YES_ERROR;
				CLANG_WARN_DOCUMENTATION_COMMENTS = YES;
				CLANG_WARN_EMPTY_BODY = YES;
				CLANG_WARN_ENUM_CONVERSION = YES;
				CLANG_WARN_INFINITE_RECURSION = YES;
				CLANG_WARN_INT_CONVERSION = YES;
				CLANG_WARN_NON_LITERAL_NULL_CONVERSION = YES;
				CLANG_WARN_OBJC_IMPLICIT_RETAIN_SELF = YES;
				CLANG_WARN_OBJC_LITERAL_CONVERSION = YES;
				CLANG_WARN_OBJC_ROOT_CLASS = YES_ERROR;
				CLANG_WARN_QUOTED_INCLUDE_IN_FRAMEWORK_HEADER = YES;
				CLANG_WARN_RANGE_LOOP_ANALYSIS = YES;
				CLANG_WARN_STRICT_PROTOTYPES = YES;
				CLANG_WARN_SUSPICIOUS_MOVE = YES;
				CLANG_WARN_UNGUARDED_AVAILABILITY = YES_AGGRESSIVE;
				CLANG_WARN_UNREACHABLE_CODE = YES;
				CLANG_WARN__DUPLICATE_METHOD_MATCH = YES;
				COPY_PHASE_STRIP = NO;
				DEBUG_INFORMATION_FORMAT = dwarf;
				ENABLE_STRICT_OBJC_MSGSEND = YES;
				ENABLE_TESTABILITY = YES;
				GCC_C_LANGUAGE_STANDARD = gnu11;
				GCC_DYNAMIC_NO_PIC = NO;
				GCC_NO_COMMON_BLOCKS = YES;
				GCC_OPTIMIZATION_LEVEL = 0;
				GCC_PREPROCESSOR_DEFINITIONS = (
					"DEBUG=1",
					"$(inherited)",
				);
				GCC_WARN_64_TO_32_BIT_CONVERSION = YES;
				GCC_WARN_ABOUT_RETURN_TYPE = YES_ERROR;
				GCC_WARN_UNDECLARED_SELECTOR = YES;
				GCC_WARN_UNINITIALIZED_AUTOS = YES_AGGRESSIVE;
				GCC_WARN_UNUSED_FUNCTION = YES;
				GCC_WARN_UNUSED_VARIABLE = YES;
				IPHONEOS_DEPLOYMENT_TARGET = 15.0;
				MTL_ENABLE_DEBUG_INFO = INCLUDE_SOURCE;
				MTL_FAST_MATH = YES;
				ONLY_ACTIVE_ARCH = YES;
				SDKROOT = iphoneos;
				SWIFT_ACTIVE_COMPILATION_CONDITIONS = DEBUG;
				SWIFT_OPTIMIZATION_LEVEL = "-Onone";
			};
			name = Debug;
		};
		CD88651629AA2E2B00BA97DD /* Release */ = {
			isa = XCBuildConfiguration;
			buildSettings = {
				ALWAYS_SEARCH_USER_PATHS = NO;
				CLANG_ANALYZER_NONNULL = YES;
				CLANG_ANALYZER_NUMBER_OBJECT_CONVERSION = YES_AGGRESSIVE;
				CLANG_CXX_LANGUAGE_STANDARD = "gnu++20";
				CLANG_ENABLE_MODULES = YES;
				CLANG_ENABLE_OBJC_ARC = YES;
				CLANG_ENABLE_OBJC_WEAK = YES;
				CLANG_WARN_BLOCK_CAPTURE_AUTORELEASING = YES;
				CLANG_WARN_BOOL_CONVERSION = YES;
				CLANG_WARN_COMMA = YES;
				CLANG_WARN_CONSTANT_CONVERSION = YES;
				CLANG_WARN_DEPRECATED_OBJC_IMPLEMENTATIONS = YES;
				CLANG_WARN_DIRECT_OBJC_ISA_USAGE = YES_ERROR;
				CLANG_WARN_DOCUMENTATION_COMMENTS = YES;
				CLANG_WARN_EMPTY_BODY = YES;
				CLANG_WARN_ENUM_CONVERSION = YES;
				CLANG_WARN_INFINITE_RECURSION = YES;
				CLANG_WARN_INT_CONVERSION = YES;
				CLANG_WARN_NON_LITERAL_NULL_CONVERSION = YES;
				CLANG_WARN_OBJC_IMPLICIT_RETAIN_SELF = YES;
				CLANG_WARN_OBJC_LITERAL_CONVERSION = YES;
				CLANG_WARN_OBJC_ROOT_CLASS = YES_ERROR;
				CLANG_WARN_QUOTED_INCLUDE_IN_FRAMEWORK_HEADER = YES;
				CLANG_WARN_RANGE_LOOP_ANALYSIS = YES;
				CLANG_WARN_STRICT_PROTOTYPES = YES;
				CLANG_WARN_SUSPICIOUS_MOVE = YES;
				CLANG_WARN_UNGUARDED_AVAILABILITY = YES_AGGRESSIVE;
				CLANG_WARN_UNREACHABLE_CODE = YES;
				CLANG_WARN__DUPLICATE_METHOD_MATCH = YES;
				COPY_PHASE_STRIP = NO;
				DEBUG_INFORMATION_FORMAT = "dwarf-with-dsym";
				ENABLE_NS_ASSERTIONS = NO;
				ENABLE_STRICT_OBJC_MSGSEND = YES;
				GCC_C_LANGUAGE_STANDARD = gnu11;
				GCC_NO_COMMON_BLOCKS = YES;
				GCC_WARN_64_TO_32_BIT_CONVERSION = YES;
				GCC_WARN_ABOUT_RETURN_TYPE = YES_ERROR;
				GCC_WARN_UNDECLARED_SELECTOR = YES;
				GCC_WARN_UNINITIALIZED_AUTOS = YES_AGGRESSIVE;
				GCC_WARN_UNUSED_FUNCTION = YES;
				GCC_WARN_UNUSED_VARIABLE = YES;
				IPHONEOS_DEPLOYMENT_TARGET = 15.0;
				MTL_ENABLE_DEBUG_INFO = NO;
				MTL_FAST_MATH = YES;
				SDKROOT = iphoneos;
				SWIFT_COMPILATION_MODE = wholemodule;
				SWIFT_OPTIMIZATION_LEVEL = "-O";
				VALIDATE_PRODUCT = YES;
			};
			name = Release;
		};
		CD88651829AA2E2B00BA97DD /* Debug */ = {
			isa = XCBuildConfiguration;
			buildSettings = {
				ASSETCATALOG_COMPILER_APPICON_NAME = AppIcon;
				ASSETCATALOG_COMPILER_GLOBAL_ACCENT_COLOR_NAME = AccentColor;
				CODE_SIGN_STYLE = Automatic;
				CURRENT_PROJECT_VERSION = 1;
				DEVELOPMENT_ASSET_PATHS = "\"SwiftUIDemo/Preview Content\"";
				DEVELOPMENT_TEAM = 62DMBCG3SA;
				ENABLE_PREVIEWS = YES;
				GENERATE_INFOPLIST_FILE = YES;
				INFOPLIST_KEY_UIApplicationSceneManifest_Generation = YES;
				INFOPLIST_KEY_UIApplicationSupportsIndirectInputEvents = YES;
				INFOPLIST_KEY_UILaunchScreen_Generation = YES;
				INFOPLIST_KEY_UILaunchStoryboardName = LaunchScreen.storyboard;
				INFOPLIST_KEY_UISupportedInterfaceOrientations_iPad = "UIInterfaceOrientationPortrait UIInterfaceOrientationPortraitUpsideDown UIInterfaceOrientationLandscapeLeft UIInterfaceOrientationLandscapeRight";
				INFOPLIST_KEY_UISupportedInterfaceOrientations_iPhone = "UIInterfaceOrientationPortrait UIInterfaceOrientationLandscapeLeft UIInterfaceOrientationLandscapeRight";
				LD_RUNPATH_SEARCH_PATHS = (
					"$(inherited)",
					"@executable_path/Frameworks",
				);
				MARKETING_VERSION = 1.0;
				PRODUCT_BUNDLE_IDENTIFIER = dev.demo.SwiftUIDemo;
				PRODUCT_NAME = "$(TARGET_NAME)";
				SWIFT_EMIT_LOC_STRINGS = YES;
				SWIFT_VERSION = 5.0;
				TARGETED_DEVICE_FAMILY = "1,2";
			};
			name = Debug;
		};
		CD88651929AA2E2B00BA97DD /* Release */ = {
			isa = XCBuildConfiguration;
			buildSettings = {
				ASSETCATALOG_COMPILER_APPICON_NAME = AppIcon;
				ASSETCATALOG_COMPILER_GLOBAL_ACCENT_COLOR_NAME = AccentColor;
				CODE_SIGN_STYLE = Automatic;
				CURRENT_PROJECT_VERSION = 1;
				DEVELOPMENT_ASSET_PATHS = "\"SwiftUIDemo/Preview Content\"";
				DEVELOPMENT_TEAM = 62DMBCG3SA;
				ENABLE_PREVIEWS = YES;
				GENERATE_INFOPLIST_FILE = YES;
				INFOPLIST_KEY_UIApplicationSceneManifest_Generation = YES;
				INFOPLIST_KEY_UIApplicationSupportsIndirectInputEvents = YES;
				INFOPLIST_KEY_UILaunchScreen_Generation = YES;
				INFOPLIST_KEY_UILaunchStoryboardName = LaunchScreen.storyboard;
				INFOPLIST_KEY_UISupportedInterfaceOrientations_iPad = "UIInterfaceOrientationPortrait UIInterfaceOrientationPortraitUpsideDown UIInterfaceOrientationLandscapeLeft UIInterfaceOrientationLandscapeRight";
				INFOPLIST_KEY_UISupportedInterfaceOrientations_iPhone = "UIInterfaceOrientationPortrait UIInterfaceOrientationLandscapeLeft UIInterfaceOrientationLandscapeRight";
				LD_RUNPATH_SEARCH_PATHS = (
					"$(inherited)",
					"@executable_path/Frameworks",
				);
				MARKETING_VERSION = 1.0;
				PRODUCT_BUNDLE_IDENTIFIER = dev.demo.SwiftUIDemo;
				PRODUCT_NAME = "$(TARGET_NAME)";
				SWIFT_EMIT_LOC_STRINGS = YES;
				SWIFT_VERSION = 5.0;
				TARGETED_DEVICE_FAMILY = "1,2";
			};
			name = Release;
		};
/* End XCBuildConfiguration section */

/* Begin XCConfigurationList section */
		CD88650429AA2E2A00BA97DD /* Build configuration list for PBXProject "SwiftUIDemo" */ = {
			isa = XCConfigurationList;
			buildConfigurations = (
				CD88651529AA2E2B00BA97DD /* Debug */,
				CD88651629AA2E2B00BA97DD /* Release */,
			);
			defaultConfigurationIsVisible = 0;
			defaultConfigurationName = Release;
		};
		CD88651729AA2E2B00BA97DD /* Build configuration list for PBXNativeTarget "SwiftUIDemo" */ = {
			isa = XCConfigurationList;
			buildConfigurations = (
				CD88651829AA2E2B00BA97DD /* Debug */,
				CD88651929AA2E2B00BA97DD /* Release */,
			);
			defaultConfigurationIsVisible = 0;
			defaultConfigurationName = Release;
		};
/* End XCConfigurationList section */

/* Begin XCRemoteSwiftPackageReference section */
		CD6D3BBD2A189B88007589E3 /* XCRemoteSwiftPackageReference "KeychainAccess" */ = {
			isa = XCRemoteSwiftPackageReference;
			repositoryURL = "https://github.com/kishikawakatsumi/KeychainAccess.git";
			requirement = {
				branch = master;
				kind = branch;
			};
		};
		CD9D047229DFF7BD00AE6AA9 /* XCRemoteSwiftPackageReference "firebase-ios-sdk" */ = {
			isa = XCRemoteSwiftPackageReference;
			repositoryURL = "https://github.com/firebase/firebase-ios-sdk";
			requirement = {
				kind = upToNextMajorVersion;
				minimumVersion = 9.0.0;
			};
		};
/* End XCRemoteSwiftPackageReference section */

/* Begin XCSwiftPackageProductDependency section */
		CD6D3BBE2A189B89007589E3 /* KeychainAccess */ = {
			isa = XCSwiftPackageProductDependency;
			package = CD6D3BBD2A189B88007589E3 /* XCRemoteSwiftPackageReference "KeychainAccess" */;
			productName = KeychainAccess;
		};
		CD9D047329DFF7BE00AE6AA9 /* FirebaseAnalytics */ = {
			isa = XCSwiftPackageProductDependency;
			package = CD9D047229DFF7BD00AE6AA9 /* XCRemoteSwiftPackageReference "firebase-ios-sdk" */;
			productName = FirebaseAnalytics;
		};
		CD9D047529DFF7BE00AE6AA9 /* FirebaseCrashlytics */ = {
			isa = XCSwiftPackageProductDependency;
			package = CD9D047229DFF7BD00AE6AA9 /* XCRemoteSwiftPackageReference "firebase-ios-sdk" */;
			productName = FirebaseCrashlytics;
		};
		CD9D047729DFF7BE00AE6AA9 /* FirebaseDynamicLinks */ = {
			isa = XCSwiftPackageProductDependency;
			package = CD9D047229DFF7BD00AE6AA9 /* XCRemoteSwiftPackageReference "firebase-ios-sdk" */;
			productName = FirebaseDynamicLinks;
		};
		CD9D047929DFF7BE00AE6AA9 /* FirebaseFirestore */ = {
			isa = XCSwiftPackageProductDependency;
			package = CD9D047229DFF7BD00AE6AA9 /* XCRemoteSwiftPackageReference "firebase-ios-sdk" */;
			productName = FirebaseFirestore;
		};
		CD9D047B29DFF7BE00AE6AA9 /* FirebaseMessaging */ = {
			isa = XCSwiftPackageProductDependency;
			package = CD9D047229DFF7BD00AE6AA9 /* XCRemoteSwiftPackageReference "firebase-ios-sdk" */;
			productName = FirebaseMessaging;
		};
/* End XCSwiftPackageProductDependency section */
	};
	rootObject = CD88650129AA2E2A00BA97DD /* Project object */;
}
